
Microsoft Visual Studio Solution File, Format Version 12.00
# Visual Studio Version 17
VisualStudioVersion = 17.5.002.0
MinimumVisualStudioVersion = 10.0.40219.1
Project("{9A19103F-16F7-4668-BE54-9A1E7A4F7556}") = "todolist.Core", "Core\todolist.Core.csproj", "{E3521B4F-C570-44BF-B41C-6CA9EC8EBD54}"
EndProject
Project("{9A19103F-16F7-4668-BE54-9A1E7A4F7556}") = "todolist.api", "api\todolist.api.csproj", "{B7467E76-4A3C-4AB6-AFC6-D007CBE740F8}"
EndProject
Project("{9A19103F-16F7-4668-BE54-9A1E7A4F7556}") = "todolist.application", "Application\todolist.application.csproj", "{A18B2CEC-5859-46AD-96A2-F1C1DE8769B1}"
EndProject
Project("{9A19103F-16F7-4668-BE54-9A1E7A4F7556}") = "todolist.Infrastructure", "Infrastructure\todolist.Infrastructure.csproj", "{E25A6743-1B40-415A-AE36-23BC317DFB3B}"
EndProject
Global
	GlobalSection(SolutionConfigurationPlatforms) = preSolution
		Debug|Any CPU = Debug|Any CPU
		Release|Any CPU = Release|Any CPU
	EndGlobalSection
	GlobalSection(ProjectConfigurationPlatforms) = postSolution
		{E3521B4F-C570-44BF-B41C-6CA9EC8EBD54}.Debug|Any CPU.ActiveCfg = Debug|Any CPU
		{E3521B4F-C570-44BF-B41C-6CA9EC8EBD54}.Debug|Any CPU.Build.0 = Debug|Any CPU
		{E3521B4F-C570-44BF-B41C-6CA9EC8EBD54}.Release|Any CPU.ActiveCfg = Release|Any CPU
		{E3521B4F-C570-44BF-B41C-6CA9EC8EBD54}.Release|Any CPU.Build.0 = Release|Any CPU
		{B7467E76-4A3C-4AB6-AFC6-D007CBE740F8}.Debug|Any CPU.ActiveCfg = Debug|Any CPU
		{B7467E76-4A3C-4AB6-AFC6-D007CBE740F8}.Debug|Any CPU.Build.0 = Debug|Any CPU
		{B7467E76-4A3C-4AB6-AFC6-D007CBE740F8}.Release|Any CPU.ActiveCfg = Release|Any CPU
		{B7467E76-4A3C-4AB6-AFC6-D007CBE740F8}.Release|Any CPU.Build.0 = Release|Any CPU
		{A18B2CEC-5859-46AD-96A2-F1C1DE8769B1}.Debug|Any CPU.ActiveCfg = Debug|Any CPU
		{A18B2CEC-5859-46AD-96A2-F1C1DE8769B1}.Debug|Any CPU.Build.0 = Debug|Any CPU
		{A18B2CEC-5859-46AD-96A2-F1C1DE8769B1}.Release|Any CPU.ActiveCfg = Release|Any CPU
		{A18B2CEC-5859-46AD-96A2-F1C1DE8769B1}.Release|Any CPU.Build.0 = Release|Any CPU
		{E25A6743-1B40-415A-AE36-23BC317DFB3B}.Debug|Any CPU.ActiveCfg = Debug|Any CPU
		{E25A6743-1B40-415A-AE36-23BC317DFB3B}.Debug|Any CPU.Build.0 = Debug|Any CPU
		{E25A6743-1B40-415A-AE36-23BC317DFB3B}.Release|Any CPU.ActiveCfg = Release|Any CPU
		{E25A6743-1B40-415A-AE36-23BC317DFB3B}.Release|Any CPU.Build.0 = Release|Any CPU
	EndGlobalSection
	GlobalSection(SolutionProperties) = preSolution
		HideSolutionNode = FALSE
	EndGlobalSection
	GlobalSection(ExtensibilityGlobals) = postSolution
		SolutionGuid = {ED0E082D-CE03-4C04-B09C-F8F5437DCE2E}
	EndGlobalSection
EndGlobal
