
Microsoft Visual Studio Solution File, Format Version 12.00
# Visual Studio Version 17
VisualStudioVersion = 17.0.31903.59
MinimumVisualStudioVersion = 10.0.40219.1
Project("{2150E333-8FDC-42A3-9474-1A3956D46DE8}") = "src", "src", "{96A2DFC9-DB52-4833-9BF0-FBE8CDB6C094}"
EndProject
Project("{FAE04EC0-301F-11D3-BF4B-00C04F79EFBC}") = "todolist.api", "src\Api\todolist.api.csproj", "{DEF59412-5FD5-41B4-8D4B-81AF1E19D9F8}"
EndProject
Project("{FAE04EC0-301F-11D3-BF4B-00C04F79EFBC}") = "todolist.Core", "src\Core\todolist.Core.csproj", "{22F12E3C-4458-4FE4-8A42-89B4741D1884}"
EndProject
Project("{FAE04EC0-301F-11D3-BF4B-00C04F79EFBC}") = "todolist.Infrastructure", "src\Infrastructure\todolist.Infrastructure.csproj", "{2316A366-D34F-4C76-AB83-4E9F5DB66533}"
EndProject
Project("{2150E333-8FDC-42A3-9474-1A3956D46DE8}") = "test", "test", "{2DF5765B-4165-4A90-AAAD-F02ADAF4F617}"
EndProject
Project("{FAE04EC0-301F-11D3-BF4B-00C04F79EFBC}") = "integration.test", "test\integration.test\integration.test.csproj", "{F6813F0A-B79F-41CB-8CBA-E1534F71ED4E}"
EndProject
Project("{FAE04EC0-301F-11D3-BF4B-00C04F79EFBC}") = "unit.test", "test\unit.test\unit.test.csproj", "{94225226-2893-49B3-9836-3EC0E9B0940F}"
EndProject
Project("{FAE04EC0-301F-11D3-BF4B-00C04F79EFBC}") = "todolist.application", "src\Application\todolist.application.csproj", "{8CF03F9D-0A5E-4B72-BAF6-2A27B9D1745B}"
EndProject
Global
	GlobalSection(SolutionConfigurationPlatforms) = preSolution
		Debug|Any CPU = Debug|Any CPU
		Release|Any CPU = Release|Any CPU
	EndGlobalSection
	GlobalSection(SolutionProperties) = preSolution
		HideSolutionNode = FALSE
	EndGlobalSection
	GlobalSection(ProjectConfigurationPlatforms) = postSolution
		{DEF59412-5FD5-41B4-8D4B-81AF1E19D9F8}.Debug|Any CPU.ActiveCfg = Debug|Any CPU
		{DEF59412-5FD5-41B4-8D4B-81AF1E19D9F8}.Debug|Any CPU.Build.0 = Debug|Any CPU
		{DEF59412-5FD5-41B4-8D4B-81AF1E19D9F8}.Release|Any CPU.ActiveCfg = Release|Any CPU
		{DEF59412-5FD5-41B4-8D4B-81AF1E19D9F8}.Release|Any CPU.Build.0 = Release|Any CPU
		{22F12E3C-4458-4FE4-8A42-89B4741D1884}.Debug|Any CPU.ActiveCfg = Debug|Any CPU
		{22F12E3C-4458-4FE4-8A42-89B4741D1884}.Debug|Any CPU.Build.0 = Debug|Any CPU
		{22F12E3C-4458-4FE4-8A42-89B4741D1884}.Release|Any CPU.ActiveCfg = Release|Any CPU
		{22F12E3C-4458-4FE4-8A42-89B4741D1884}.Release|Any CPU.Build.0 = Release|Any CPU
		{2316A366-D34F-4C76-AB83-4E9F5DB66533}.Debug|Any CPU.ActiveCfg = Debug|Any CPU
		{2316A366-D34F-4C76-AB83-4E9F5DB66533}.Debug|Any CPU.Build.0 = Debug|Any CPU
		{2316A366-D34F-4C76-AB83-4E9F5DB66533}.Release|Any CPU.ActiveCfg = Release|Any CPU
		{2316A366-D34F-4C76-AB83-4E9F5DB66533}.Release|Any CPU.Build.0 = Release|Any CPU
		{F6813F0A-B79F-41CB-8CBA-E1534F71ED4E}.Debug|Any CPU.ActiveCfg = Debug|Any CPU
		{F6813F0A-B79F-41CB-8CBA-E1534F71ED4E}.Debug|Any CPU.Build.0 = Debug|Any CPU
		{F6813F0A-B79F-41CB-8CBA-E1534F71ED4E}.Release|Any CPU.ActiveCfg = Release|Any CPU
		{F6813F0A-B79F-41CB-8CBA-E1534F71ED4E}.Release|Any CPU.Build.0 = Release|Any CPU
		{94225226-2893-49B3-9836-3EC0E9B0940F}.Debug|Any CPU.ActiveCfg = Debug|Any CPU
		{94225226-2893-49B3-9836-3EC0E9B0940F}.Debug|Any CPU.Build.0 = Debug|Any CPU
		{94225226-2893-49B3-9836-3EC0E9B0940F}.Release|Any CPU.ActiveCfg = Release|Any CPU
		{94225226-2893-49B3-9836-3EC0E9B0940F}.Release|Any CPU.Build.0 = Release|Any CPU
		{8CF03F9D-0A5E-4B72-BAF6-2A27B9D1745B}.Debug|Any CPU.ActiveCfg = Debug|Any CPU
		{8CF03F9D-0A5E-4B72-BAF6-2A27B9D1745B}.Debug|Any CPU.Build.0 = Debug|Any CPU
		{8CF03F9D-0A5E-4B72-BAF6-2A27B9D1745B}.Release|Any CPU.ActiveCfg = Release|Any CPU
		{8CF03F9D-0A5E-4B72-BAF6-2A27B9D1745B}.Release|Any CPU.Build.0 = Release|Any CPU
	EndGlobalSection
	GlobalSection(NestedProjects) = preSolution
		{DEF59412-5FD5-41B4-8D4B-81AF1E19D9F8} = {96A2DFC9-DB52-4833-9BF0-FBE8CDB6C094}
		{22F12E3C-4458-4FE4-8A42-89B4741D1884} = {96A2DFC9-DB52-4833-9BF0-FBE8CDB6C094}
		{2316A366-D34F-4C76-AB83-4E9F5DB66533} = {96A2DFC9-DB52-4833-9BF0-FBE8CDB6C094}
		{F6813F0A-B79F-41CB-8CBA-E1534F71ED4E} = {2DF5765B-4165-4A90-AAAD-F02ADAF4F617}
		{94225226-2893-49B3-9836-3EC0E9B0940F} = {2DF5765B-4165-4A90-AAAD-F02ADAF4F617}
		{8CF03F9D-0A5E-4B72-BAF6-2A27B9D1745B} = {96A2DFC9-DB52-4833-9BF0-FBE8CDB6C094}
	EndGlobalSection
EndGlobal
